
Microsoft Visual Studio Solution File, Format Version 12.00
# Visual Studio 15
VisualStudioVersion = 15.0.28307.421
MinimumVisualStudioVersion = 10.0.40219.1
Project("{FAE04EC0-301F-11D3-BF4B-00C04F79EFBC}") = "Ftp", "Ftp\Ftp.csproj", "{33414A25-B034-427A-9C7A-376506465BCF}"
EndProject
Project("{FAE04EC0-301F-11D3-BF4B-00C04F79EFBC}") = "Test", "Test\Test.csproj", "{04A29044-5496-4B5F-9F12-DAB1044F0C3D}"
EndProject
Global
	GlobalSection(SolutionConfigurationPlatforms) = preSolution
		Debug|Any CPU = Debug|Any CPU
		Release|Any CPU = Release|Any CPU
	EndGlobalSection
	GlobalSection(ProjectConfigurationPlatforms) = postSolution
		{33414A25-B034-427A-9C7A-376506465BCF}.Debug|Any CPU.ActiveCfg = Debug|Any CPU
		{33414A25-B034-427A-9C7A-376506465BCF}.Debug|Any CPU.Build.0 = Debug|Any CPU
		{33414A25-B034-427A-9C7A-376506465BCF}.Release|Any CPU.ActiveCfg = Release|Any CPU
		{33414A25-B034-427A-9C7A-376506465BCF}.Release|Any CPU.Build.0 = Release|Any CPU
		{04A29044-5496-4B5F-9F12-DAB1044F0C3D}.Debug|Any CPU.ActiveCfg = Debug|Any CPU
		{04A29044-5496-4B5F-9F12-DAB1044F0C3D}.Debug|Any CPU.Build.0 = Debug|Any CPU
		{04A29044-5496-4B5F-9F12-DAB1044F0C3D}.Release|Any CPU.ActiveCfg = Release|Any CPU
		{04A29044-5496-4B5F-9F12-DAB1044F0C3D}.Release|Any CPU.Build.0 = Release|Any CPU
	EndGlobalSection
	GlobalSection(SolutionProperties) = preSolution
		HideSolutionNode = FALSE
	EndGlobalSection
	GlobalSection(ExtensibilityGlobals) = postSolution
		SolutionGuid = {A21660FA-DA74-4B76-82D8-A8C792E56A86}
	EndGlobalSection
EndGlobal
